
Microsoft Visual Studio Solution File, Format Version 12.00
# Visual Studio 15
VisualStudioVersion = 15.0.26124.0
MinimumVisualStudioVersion = 15.0.26124.0
Project("{2150E333-8FDC-42A3-9474-1A3956D46DE8}") = "Api", "Api", "{A47EC82B-5320-4D13-84BF-C4665EA99830}"
EndProject
Project("{FAE04EC0-301F-11D3-BF4B-00C04F79EFBC}") = "WebApi", "WebApi\WebApi.csproj", "{1F45336E-2E42-4A97-8B06-CB8B458B975C}"
EndProject
Project("{2150E333-8FDC-42A3-9474-1A3956D46DE8}") = "Core", "Core", "{91EF9B46-585D-4501-8FE3-EFC01BC81E77}"
EndProject
Project("{FAE04EC0-301F-11D3-BF4B-00C04F79EFBC}") = "Domain", "Domain\Domain.csproj", "{8EDF24E8-4C79-4F13-BB9B-C229CE4E8E5E}"
EndProject
Project("{FAE04EC0-301F-11D3-BF4B-00C04F79EFBC}") = "Application", "Application\Application.csproj", "{B4F43508-E3B0-427A-AE57-BEE6383BC70A}"
EndProject
Project("{2150E333-8FDC-42A3-9474-1A3956D46DE8}") = "Infrastructure", "Infrastructure", "{725EB5D2-AF52-491B-81E2-3C05C81F8D19}"
EndProject
Project("{FAE04EC0-301F-11D3-BF4B-00C04F79EFBC}") = "Infrastructure.Persistence", "Infrastructure.Persistence\Infrastructure.Persistence.csproj", "{ED1322AE-78E6-4806-8498-14D66F96F35A}"
EndProject
Project("{FAE04EC0-301F-11D3-BF4B-00C04F79EFBC}") = "Infrastructure.Shared", "Infrastructure.Shared\Infrastructure.Shared.csproj", "{2DD4B7AF-ADD0-40B8-AAD4-26F6A431B93A}"
EndProject
Project("{2150E333-8FDC-42A3-9474-1A3956D46DE8}") = "Tests", "Tests", "{22328ED2-D47E-40F0-B158-21949464315F}"
EndProject
Project("{FAE04EC0-301F-11D3-BF4B-00C04F79EFBC}") = "VerticalLabTestPostgres.Api.Tests", "VerticalLabTestPostgres.Api.Tests\VerticalLabTestPostgres.Api.Tests.csproj", "{3B1425F4-B541-47B7-9833-275CB0D4128F}"
EndProject
Project("{FAE04EC0-301F-11D3-BF4B-00C04F79EFBC}") = "Infrastructure.Identity", "Infrastructure.Identity\Infrastructure.Identity.csproj", "{294B8DA0-C523-401B-ADFD-DCD376C4C2EC}"
EndProject
Global
	GlobalSection(SolutionConfigurationPlatforms) = preSolution
		Debug|Any CPU = Debug|Any CPU
		Debug|x64 = Debug|x64
		Debug|x86 = Debug|x86
		Release|Any CPU = Release|Any CPU
		Release|x64 = Release|x64
		Release|x86 = Release|x86
	EndGlobalSection
	GlobalSection(SolutionProperties) = preSolution
		HideSolutionNode = FALSE
	EndGlobalSection
	GlobalSection(ProjectConfigurationPlatforms) = postSolution
		{1F45336E-2E42-4A97-8B06-CB8B458B975C}.Debug|Any CPU.ActiveCfg = Debug|Any CPU
		{1F45336E-2E42-4A97-8B06-CB8B458B975C}.Debug|Any CPU.Build.0 = Debug|Any CPU
		{1F45336E-2E42-4A97-8B06-CB8B458B975C}.Debug|x64.ActiveCfg = Debug|Any CPU
		{1F45336E-2E42-4A97-8B06-CB8B458B975C}.Debug|x64.Build.0 = Debug|Any CPU
		{1F45336E-2E42-4A97-8B06-CB8B458B975C}.Debug|x86.ActiveCfg = Debug|Any CPU
		{1F45336E-2E42-4A97-8B06-CB8B458B975C}.Debug|x86.Build.0 = Debug|Any CPU
		{1F45336E-2E42-4A97-8B06-CB8B458B975C}.Release|Any CPU.ActiveCfg = Release|Any CPU
		{1F45336E-2E42-4A97-8B06-CB8B458B975C}.Release|Any CPU.Build.0 = Release|Any CPU
		{1F45336E-2E42-4A97-8B06-CB8B458B975C}.Release|x64.ActiveCfg = Release|Any CPU
		{1F45336E-2E42-4A97-8B06-CB8B458B975C}.Release|x64.Build.0 = Release|Any CPU
		{1F45336E-2E42-4A97-8B06-CB8B458B975C}.Release|x86.ActiveCfg = Release|Any CPU
		{1F45336E-2E42-4A97-8B06-CB8B458B975C}.Release|x86.Build.0 = Release|Any CPU
		{8EDF24E8-4C79-4F13-BB9B-C229CE4E8E5E}.Debug|Any CPU.ActiveCfg = Debug|Any CPU
		{8EDF24E8-4C79-4F13-BB9B-C229CE4E8E5E}.Debug|Any CPU.Build.0 = Debug|Any CPU
		{8EDF24E8-4C79-4F13-BB9B-C229CE4E8E5E}.Debug|x64.ActiveCfg = Debug|Any CPU
		{8EDF24E8-4C79-4F13-BB9B-C229CE4E8E5E}.Debug|x64.Build.0 = Debug|Any CPU
		{8EDF24E8-4C79-4F13-BB9B-C229CE4E8E5E}.Debug|x86.ActiveCfg = Debug|Any CPU
		{8EDF24E8-4C79-4F13-BB9B-C229CE4E8E5E}.Debug|x86.Build.0 = Debug|Any CPU
		{8EDF24E8-4C79-4F13-BB9B-C229CE4E8E5E}.Release|Any CPU.ActiveCfg = Release|Any CPU
		{8EDF24E8-4C79-4F13-BB9B-C229CE4E8E5E}.Release|Any CPU.Build.0 = Release|Any CPU
		{8EDF24E8-4C79-4F13-BB9B-C229CE4E8E5E}.Release|x64.ActiveCfg = Release|Any CPU
		{8EDF24E8-4C79-4F13-BB9B-C229CE4E8E5E}.Release|x64.Build.0 = Release|Any CPU
		{8EDF24E8-4C79-4F13-BB9B-C229CE4E8E5E}.Release|x86.ActiveCfg = Release|Any CPU
		{8EDF24E8-4C79-4F13-BB9B-C229CE4E8E5E}.Release|x86.Build.0 = Release|Any CPU
		{B4F43508-E3B0-427A-AE57-BEE6383BC70A}.Debug|Any CPU.ActiveCfg = Debug|Any CPU
		{B4F43508-E3B0-427A-AE57-BEE6383BC70A}.Debug|Any CPU.Build.0 = Debug|Any CPU
		{B4F43508-E3B0-427A-AE57-BEE6383BC70A}.Debug|x64.ActiveCfg = Debug|Any CPU
		{B4F43508-E3B0-427A-AE57-BEE6383BC70A}.Debug|x64.Build.0 = Debug|Any CPU
		{B4F43508-E3B0-427A-AE57-BEE6383BC70A}.Debug|x86.ActiveCfg = Debug|Any CPU
		{B4F43508-E3B0-427A-AE57-BEE6383BC70A}.Debug|x86.Build.0 = Debug|Any CPU
		{B4F43508-E3B0-427A-AE57-BEE6383BC70A}.Release|Any CPU.ActiveCfg = Release|Any CPU
		{B4F43508-E3B0-427A-AE57-BEE6383BC70A}.Release|Any CPU.Build.0 = Release|Any CPU
		{B4F43508-E3B0-427A-AE57-BEE6383BC70A}.Release|x64.ActiveCfg = Release|Any CPU
		{B4F43508-E3B0-427A-AE57-BEE6383BC70A}.Release|x64.Build.0 = Release|Any CPU
		{B4F43508-E3B0-427A-AE57-BEE6383BC70A}.Release|x86.ActiveCfg = Release|Any CPU
		{B4F43508-E3B0-427A-AE57-BEE6383BC70A}.Release|x86.Build.0 = Release|Any CPU
		{ED1322AE-78E6-4806-8498-14D66F96F35A}.Debug|Any CPU.ActiveCfg = Debug|Any CPU
		{ED1322AE-78E6-4806-8498-14D66F96F35A}.Debug|Any CPU.Build.0 = Debug|Any CPU
		{ED1322AE-78E6-4806-8498-14D66F96F35A}.Debug|x64.ActiveCfg = Debug|Any CPU
		{ED1322AE-78E6-4806-8498-14D66F96F35A}.Debug|x64.Build.0 = Debug|Any CPU
		{ED1322AE-78E6-4806-8498-14D66F96F35A}.Debug|x86.ActiveCfg = Debug|Any CPU
		{ED1322AE-78E6-4806-8498-14D66F96F35A}.Debug|x86.Build.0 = Debug|Any CPU
		{ED1322AE-78E6-4806-8498-14D66F96F35A}.Release|Any CPU.ActiveCfg = Release|Any CPU
		{ED1322AE-78E6-4806-8498-14D66F96F35A}.Release|Any CPU.Build.0 = Release|Any CPU
		{ED1322AE-78E6-4806-8498-14D66F96F35A}.Release|x64.ActiveCfg = Release|Any CPU
		{ED1322AE-78E6-4806-8498-14D66F96F35A}.Release|x64.Build.0 = Release|Any CPU
		{ED1322AE-78E6-4806-8498-14D66F96F35A}.Release|x86.ActiveCfg = Release|Any CPU
		{ED1322AE-78E6-4806-8498-14D66F96F35A}.Release|x86.Build.0 = Release|Any CPU
		{2DD4B7AF-ADD0-40B8-AAD4-26F6A431B93A}.Debug|Any CPU.ActiveCfg = Debug|Any CPU
		{2DD4B7AF-ADD0-40B8-AAD4-26F6A431B93A}.Debug|Any CPU.Build.0 = Debug|Any CPU
		{2DD4B7AF-ADD0-40B8-AAD4-26F6A431B93A}.Debug|x64.ActiveCfg = Debug|Any CPU
		{2DD4B7AF-ADD0-40B8-AAD4-26F6A431B93A}.Debug|x64.Build.0 = Debug|Any CPU
		{2DD4B7AF-ADD0-40B8-AAD4-26F6A431B93A}.Debug|x86.ActiveCfg = Debug|Any CPU
		{2DD4B7AF-ADD0-40B8-AAD4-26F6A431B93A}.Debug|x86.Build.0 = Debug|Any CPU
		{2DD4B7AF-ADD0-40B8-AAD4-26F6A431B93A}.Release|Any CPU.ActiveCfg = Release|Any CPU
		{2DD4B7AF-ADD0-40B8-AAD4-26F6A431B93A}.Release|Any CPU.Build.0 = Release|Any CPU
		{2DD4B7AF-ADD0-40B8-AAD4-26F6A431B93A}.Release|x64.ActiveCfg = Release|Any CPU
		{2DD4B7AF-ADD0-40B8-AAD4-26F6A431B93A}.Release|x64.Build.0 = Release|Any CPU
		{2DD4B7AF-ADD0-40B8-AAD4-26F6A431B93A}.Release|x86.ActiveCfg = Release|Any CPU
		{2DD4B7AF-ADD0-40B8-AAD4-26F6A431B93A}.Release|x86.Build.0 = Release|Any CPU
		{3B1425F4-B541-47B7-9833-275CB0D4128F}.Debug|Any CPU.ActiveCfg = Debug|Any CPU
		{3B1425F4-B541-47B7-9833-275CB0D4128F}.Debug|Any CPU.Build.0 = Debug|Any CPU
		{3B1425F4-B541-47B7-9833-275CB0D4128F}.Debug|x64.ActiveCfg = Debug|Any CPU
		{3B1425F4-B541-47B7-9833-275CB0D4128F}.Debug|x64.Build.0 = Debug|Any CPU
		{3B1425F4-B541-47B7-9833-275CB0D4128F}.Debug|x86.ActiveCfg = Debug|Any CPU
		{3B1425F4-B541-47B7-9833-275CB0D4128F}.Debug|x86.Build.0 = Debug|Any CPU
		{3B1425F4-B541-47B7-9833-275CB0D4128F}.Release|Any CPU.ActiveCfg = Release|Any CPU
		{3B1425F4-B541-47B7-9833-275CB0D4128F}.Release|Any CPU.Build.0 = Release|Any CPU
		{3B1425F4-B541-47B7-9833-275CB0D4128F}.Release|x64.ActiveCfg = Release|Any CPU
		{3B1425F4-B541-47B7-9833-275CB0D4128F}.Release|x64.Build.0 = Release|Any CPU
		{3B1425F4-B541-47B7-9833-275CB0D4128F}.Release|x86.ActiveCfg = Release|Any CPU
		{3B1425F4-B541-47B7-9833-275CB0D4128F}.Release|x86.Build.0 = Release|Any CPU
		{294B8DA0-C523-401B-ADFD-DCD376C4C2EC}.Debug|Any CPU.ActiveCfg = Debug|Any CPU
		{294B8DA0-C523-401B-ADFD-DCD376C4C2EC}.Debug|Any CPU.Build.0 = Debug|Any CPU
		{294B8DA0-C523-401B-ADFD-DCD376C4C2EC}.Debug|x64.ActiveCfg = Debug|Any CPU
		{294B8DA0-C523-401B-ADFD-DCD376C4C2EC}.Debug|x64.Build.0 = Debug|Any CPU
		{294B8DA0-C523-401B-ADFD-DCD376C4C2EC}.Debug|x86.ActiveCfg = Debug|Any CPU
		{294B8DA0-C523-401B-ADFD-DCD376C4C2EC}.Debug|x86.Build.0 = Debug|Any CPU
		{294B8DA0-C523-401B-ADFD-DCD376C4C2EC}.Release|Any CPU.ActiveCfg = Release|Any CPU
		{294B8DA0-C523-401B-ADFD-DCD376C4C2EC}.Release|Any CPU.Build.0 = Release|Any CPU
		{294B8DA0-C523-401B-ADFD-DCD376C4C2EC}.Release|x64.ActiveCfg = Release|Any CPU
		{294B8DA0-C523-401B-ADFD-DCD376C4C2EC}.Release|x64.Build.0 = Release|Any CPU
		{294B8DA0-C523-401B-ADFD-DCD376C4C2EC}.Release|x86.ActiveCfg = Release|Any CPU
		{294B8DA0-C523-401B-ADFD-DCD376C4C2EC}.Release|x86.Build.0 = Release|Any CPU
	EndGlobalSection
	GlobalSection(NestedProjects) = preSolution
		{1F45336E-2E42-4A97-8B06-CB8B458B975C} = {A47EC82B-5320-4D13-84BF-C4665EA99830}
		{8EDF24E8-4C79-4F13-BB9B-C229CE4E8E5E} = {91EF9B46-585D-4501-8FE3-EFC01BC81E77}
		{B4F43508-E3B0-427A-AE57-BEE6383BC70A} = {91EF9B46-585D-4501-8FE3-EFC01BC81E77}
		{ED1322AE-78E6-4806-8498-14D66F96F35A} = {725EB5D2-AF52-491B-81E2-3C05C81F8D19}
		{2DD4B7AF-ADD0-40B8-AAD4-26F6A431B93A} = {725EB5D2-AF52-491B-81E2-3C05C81F8D19}
		{3B1425F4-B541-47B7-9833-275CB0D4128F} = {22328ED2-D47E-40F0-B158-21949464315F}
		{294B8DA0-C523-401B-ADFD-DCD376C4C2EC} = {725EB5D2-AF52-491B-81E2-3C05C81F8D19}
	EndGlobalSection
EndGlobal
